
Microsoft Visual Studio Solution File, Format Version 12.00
# Visual Studio Version 16
VisualStudioVersion = 16.0.29201.188
MinimumVisualStudioVersion = 10.0.40219.1
Project("{FAE04EC0-301F-11D3-BF4B-00C04F79EFBC}") = "Notas", "Notas\Notas.csproj", "{CC5FF1D9-8AD7-412A-90BE-605F05B53578}"
EndProject
Global
	GlobalSection(SolutionConfigurationPlatforms) = preSolution
		Debug|Any CPU = Debug|Any CPU
		Release|Any CPU = Release|Any CPU
	EndGlobalSection
	GlobalSection(ProjectConfigurationPlatforms) = postSolution
		{CC5FF1D9-8AD7-412A-90BE-605F05B53578}.Debug|Any CPU.ActiveCfg = Debug|Any CPU
		{CC5FF1D9-8AD7-412A-90BE-605F05B53578}.Debug|Any CPU.Build.0 = Debug|Any CPU
		{CC5FF1D9-8AD7-412A-90BE-605F05B53578}.Release|Any CPU.ActiveCfg = Release|Any CPU
		{CC5FF1D9-8AD7-412A-90BE-605F05B53578}.Release|Any CPU.Build.0 = Release|Any CPU
	EndGlobalSection
	GlobalSection(SolutionProperties) = preSolution
		HideSolutionNode = FALSE
	EndGlobalSection
	GlobalSection(ExtensibilityGlobals) = postSolution
		SolutionGuid = {D4F57420-C3DF-4DEB-BE06-C064B6D11CEC}
	EndGlobalSection
EndGlobal
